
Microsoft Visual Studio Solution File, Format Version 12.00
# Visual Studio 15
VisualStudioVersion = 15.0.28307.329
MinimumVisualStudioVersion = 10.0.40219.1
Project("{FAE04EC0-301F-11D3-BF4B-00C04F79EFBC}") = "LinqTOSQL", "LinqTOSQL\LinqTOSQL.csproj", "{C80B444F-AC2D-43E9-B366-E0FC0549501D}"
EndProject
Global
	GlobalSection(SolutionConfigurationPlatforms) = preSolution
		Debug|Any CPU = Debug|Any CPU
		Release|Any CPU = Release|Any CPU
	EndGlobalSection
	GlobalSection(ProjectConfigurationPlatforms) = postSolution
		{C80B444F-AC2D-43E9-B366-E0FC0549501D}.Debug|Any CPU.ActiveCfg = Debug|Any CPU
		{C80B444F-AC2D-43E9-B366-E0FC0549501D}.Debug|Any CPU.Build.0 = Debug|Any CPU
		{C80B444F-AC2D-43E9-B366-E0FC0549501D}.Release|Any CPU.ActiveCfg = Release|Any CPU
		{C80B444F-AC2D-43E9-B366-E0FC0549501D}.Release|Any CPU.Build.0 = Release|Any CPU
	EndGlobalSection
	GlobalSection(SolutionProperties) = preSolution
		HideSolutionNode = FALSE
	EndGlobalSection
	GlobalSection(ExtensibilityGlobals) = postSolution
		SolutionGuid = {62B480D8-5108-4971-9056-CBE1174C09A2}
	EndGlobalSection
EndGlobal
